
Microsoft Visual Studio Solution File, Format Version 12.00
# Visual Studio Version 18
VisualStudioVersion = 18.0.11205.157
MinimumVisualStudioVersion = 10.0.40219.1
Project("{FAE04EC0-301F-11D3-BF4B-00C04F79EFBC}") = "MagicVilla_VillaAPI", "MagicVilla_VillaAPI\MagicVilla_VillaAPI.csproj", "{1E1A4746-250E-4BBE-9CC2-81CE5DBA171A}"
EndProject
Project("{FAE04EC0-301F-11D3-BF4B-00C04F79EFBC}") = "MagicVilla_Web", "MagicVilla_Web\MagicVilla_Web.csproj", "{760A2AF5-E368-4026-BF28-42818C12966D}"
EndProject
Project("{FAE04EC0-301F-11D3-BF4B-00C04F79EFBC}") = "MagicVilla_Utility", "MagicVilla_Utility\MagicVilla_Utility.csproj", "{D45A2202-5ACD-4FB3-9A69-D33735A95B26}"
EndProject
Global
	GlobalSection(SolutionConfigurationPlatforms) = preSolution
		Debug|Any CPU = Debug|Any CPU
		Release|Any CPU = Release|Any CPU
	EndGlobalSection
	GlobalSection(ProjectConfigurationPlatforms) = postSolution
		{1E1A4746-250E-4BBE-9CC2-81CE5DBA171A}.Debug|Any CPU.ActiveCfg = Debug|Any CPU
		{1E1A4746-250E-4BBE-9CC2-81CE5DBA171A}.Debug|Any CPU.Build.0 = Debug|Any CPU
		{1E1A4746-250E-4BBE-9CC2-81CE5DBA171A}.Release|Any CPU.ActiveCfg = Release|Any CPU
		{1E1A4746-250E-4BBE-9CC2-81CE5DBA171A}.Release|Any CPU.Build.0 = Release|Any CPU
		{760A2AF5-E368-4026-BF28-42818C12966D}.Debug|Any CPU.ActiveCfg = Debug|Any CPU
		{760A2AF5-E368-4026-BF28-42818C12966D}.Debug|Any CPU.Build.0 = Debug|Any CPU
		{760A2AF5-E368-4026-BF28-42818C12966D}.Release|Any CPU.ActiveCfg = Release|Any CPU
		{760A2AF5-E368-4026-BF28-42818C12966D}.Release|Any CPU.Build.0 = Release|Any CPU
		{D45A2202-5ACD-4FB3-9A69-D33735A95B26}.Debug|Any CPU.ActiveCfg = Debug|Any CPU
		{D45A2202-5ACD-4FB3-9A69-D33735A95B26}.Debug|Any CPU.Build.0 = Debug|Any CPU
		{D45A2202-5ACD-4FB3-9A69-D33735A95B26}.Release|Any CPU.ActiveCfg = Release|Any CPU
		{D45A2202-5ACD-4FB3-9A69-D33735A95B26}.Release|Any CPU.Build.0 = Release|Any CPU
	EndGlobalSection
	GlobalSection(SolutionProperties) = preSolution
		HideSolutionNode = FALSE
	EndGlobalSection
	GlobalSection(ExtensibilityGlobals) = postSolution
		SolutionGuid = {7FAD022E-4162-4F38-87BB-23F083F687E2}
	EndGlobalSection
EndGlobal
